
Microsoft Visual Studio Solution File, Format Version 12.00
# Visual Studio Version 17
VisualStudioVersion = 17.12.35527.113
MinimumVisualStudioVersion = 10.0.40219.1
Project("{FAE04EC0-301F-11D3-BF4B-00C04F79EFBC}") = "DocumentManagement", "DocumentManagement.csproj", "{6A536513-FEFB-4D30-973A-D2ADDC2D9473}"
EndProject
Project("{FAE04EC0-301F-11D3-BF4B-00C04F79EFBC}") = "DocumentManagementTests", "..\DocumentManagementTests\DocumentManagementTests.csproj", "{37AD7289-87E7-4410-83ED-DC34D8734A04}"
EndProject
Global
	GlobalSection(SolutionConfigurationPlatforms) = preSolution
		Debug|Any CPU = Debug|Any CPU
		Release|Any CPU = Release|Any CPU
	EndGlobalSection
	GlobalSection(ProjectConfigurationPlatforms) = postSolution
		{6A536513-FEFB-4D30-973A-D2ADDC2D9473}.Debug|Any CPU.ActiveCfg = Debug|Any CPU
		{6A536513-FEFB-4D30-973A-D2ADDC2D9473}.Debug|Any CPU.Build.0 = Debug|Any CPU
		{6A536513-FEFB-4D30-973A-D2ADDC2D9473}.Release|Any CPU.ActiveCfg = Release|Any CPU
		{6A536513-FEFB-4D30-973A-D2ADDC2D9473}.Release|Any CPU.Build.0 = Release|Any CPU
		{37AD7289-87E7-4410-83ED-DC34D8734A04}.Debug|Any CPU.ActiveCfg = Debug|Any CPU
		{37AD7289-87E7-4410-83ED-DC34D8734A04}.Debug|Any CPU.Build.0 = Debug|Any CPU
		{37AD7289-87E7-4410-83ED-DC34D8734A04}.Release|Any CPU.ActiveCfg = Release|Any CPU
		{37AD7289-87E7-4410-83ED-DC34D8734A04}.Release|Any CPU.Build.0 = Release|Any CPU
	EndGlobalSection
	GlobalSection(SolutionProperties) = preSolution
		HideSolutionNode = FALSE
	EndGlobalSection
	GlobalSection(ExtensibilityGlobals) = postSolution
		SolutionGuid = {133E471C-5F9E-497B-AE59-B6BA6B58FC69}
	EndGlobalSection
EndGlobal
